
Microsoft Visual Studio Solution File, Format Version 12.00
# Visual Studio Version 17
VisualStudioVersion = 17.7.34031.279
MinimumVisualStudioVersion = 10.0.40219.1
Project("{FAE04EC0-301F-11D3-BF4B-00C04F79EFBC}") = "RealEstate_Dapper_API", "RealEstate_Dapper_API\RealEstate_Dapper_API.csproj", "{AE70965A-EF97-439A-B248-F5F7E97E8313}"
EndProject
Project("{FAE04EC0-301F-11D3-BF4B-00C04F79EFBC}") = "RealEstate_Dapper_UI", "RealEstate_Dapper_UI\RealEstate_Dapper_UI.csproj", "{67DEA75E-9767-41EA-BFAE-004A7C774DD8}"
EndProject
Global
	GlobalSection(SolutionConfigurationPlatforms) = preSolution
		Debug|Any CPU = Debug|Any CPU
		Release|Any CPU = Release|Any CPU
	EndGlobalSection
	GlobalSection(ProjectConfigurationPlatforms) = postSolution
		{AE70965A-EF97-439A-B248-F5F7E97E8313}.Debug|Any CPU.ActiveCfg = Debug|Any CPU
		{AE70965A-EF97-439A-B248-F5F7E97E8313}.Debug|Any CPU.Build.0 = Debug|Any CPU
		{AE70965A-EF97-439A-B248-F5F7E97E8313}.Release|Any CPU.ActiveCfg = Release|Any CPU
		{AE70965A-EF97-439A-B248-F5F7E97E8313}.Release|Any CPU.Build.0 = Release|Any CPU
		{67DEA75E-9767-41EA-BFAE-004A7C774DD8}.Debug|Any CPU.ActiveCfg = Debug|Any CPU
		{67DEA75E-9767-41EA-BFAE-004A7C774DD8}.Debug|Any CPU.Build.0 = Debug|Any CPU
		{67DEA75E-9767-41EA-BFAE-004A7C774DD8}.Release|Any CPU.ActiveCfg = Release|Any CPU
		{67DEA75E-9767-41EA-BFAE-004A7C774DD8}.Release|Any CPU.Build.0 = Release|Any CPU
	EndGlobalSection
	GlobalSection(SolutionProperties) = preSolution
		HideSolutionNode = FALSE
	EndGlobalSection
	GlobalSection(ExtensibilityGlobals) = postSolution
		SolutionGuid = {45DA0F99-6395-4178-8939-F832BD1B9A66}
	EndGlobalSection
EndGlobal
